
Microsoft Visual Studio Solution File, Format Version 12.00
# Visual Studio Version 17
VisualStudioVersion = 17.14.36414.22
MinimumVisualStudioVersion = 10.0.40219.1
Project("{2150E333-8FDC-42A3-9474-1A3956D46DE8}") = "Test", "Test", "{C8D5274F-AC00-46C7-1F8D-E88E81087A52}"
EndProject
Project("{FAE04EC0-301F-11D3-BF4B-00C04F79EFBC}") = "SmugglerCoin", "SmugglerCoin\SmugglerCoin.csproj", "{5D2D179C-0A8D-3087-2CA1-9BE6F3CE5E3B}"
EndProject
Project("{FAE04EC0-301F-11D3-BF4B-00C04F79EFBC}") = "CoinAPI_Test", "CoinAPI_Test\CoinAPI_Test.csproj", "{EC57020D-0C66-03FC-5051-1875A0649FDB}"
EndProject
Global
	GlobalSection(SolutionConfigurationPlatforms) = preSolution
		Debug|Any CPU = Debug|Any CPU
		Release|Any CPU = Release|Any CPU
	EndGlobalSection
	GlobalSection(ProjectConfigurationPlatforms) = postSolution
		{5D2D179C-0A8D-3087-2CA1-9BE6F3CE5E3B}.Debug|Any CPU.ActiveCfg = Debug|Any CPU
		{5D2D179C-0A8D-3087-2CA1-9BE6F3CE5E3B}.Debug|Any CPU.Build.0 = Debug|Any CPU
		{5D2D179C-0A8D-3087-2CA1-9BE6F3CE5E3B}.Release|Any CPU.ActiveCfg = Release|Any CPU
		{5D2D179C-0A8D-3087-2CA1-9BE6F3CE5E3B}.Release|Any CPU.Build.0 = Release|Any CPU
		{EC57020D-0C66-03FC-5051-1875A0649FDB}.Debug|Any CPU.ActiveCfg = Debug|Any CPU
		{EC57020D-0C66-03FC-5051-1875A0649FDB}.Debug|Any CPU.Build.0 = Debug|Any CPU
		{EC57020D-0C66-03FC-5051-1875A0649FDB}.Release|Any CPU.ActiveCfg = Release|Any CPU
		{EC57020D-0C66-03FC-5051-1875A0649FDB}.Release|Any CPU.Build.0 = Release|Any CPU
	EndGlobalSection
	GlobalSection(SolutionProperties) = preSolution
		HideSolutionNode = FALSE
	EndGlobalSection
	GlobalSection(NestedProjects) = preSolution
		{EC57020D-0C66-03FC-5051-1875A0649FDB} = {C8D5274F-AC00-46C7-1F8D-E88E81087A52}
	EndGlobalSection
	GlobalSection(ExtensibilityGlobals) = postSolution
		SolutionGuid = {C786C85D-D19C-4A28-AD17-47D5C569A3B2}
	EndGlobalSection
EndGlobal
